// !$*UTF8*$!
{
	archiveVersion = 1;
	classes = {
	};
	objectVersion = 46;
	objects = {

/* Begin PBXBuildFile section */
		A5A5EFA91C3A0CDB00ED9F46 /* AppDelegate.swift in Sources */ = {isa = PBXBuildFile; fileRef = A5A5EFA81C3A0CDB00ED9F46 /* AppDelegate.swift */; };
		A5A5EFAB1C3A0CDB00ED9F46 /* ViewController.swift in Sources */ = {isa = PBXBuildFile; fileRef = A5A5EFAA1C3A0CDB00ED9F46 /* ViewController.swift */; };
		A5A5EFAE1C3A0CDB00ED9F46 /* Main.storyboard in Resources */ = {isa = PBXBuildFile; fileRef = A5A5EFAC1C3A0CDB00ED9F46 /* Main.storyboard */; };
		A5A5EFB01C3A0CDB00ED9F46 /* Assets.xcassets in Resources */ = {isa = PBXBuildFile; fileRef = A5A5EFAF1C3A0CDB00ED9F46 /* Assets.xcassets */; };
		A5A5EFB31C3A0CDB00ED9F46 /* LaunchScreen.storyboard in Resources */ = {isa = PBXBuildFile; fileRef = A5A5EFB11C3A0CDB00ED9F46 /* LaunchScreen.storyboard */; };
		A5A5EFBC1C3A0EDB00ED9F46 /* ContactsHelper.swift in Sources */ = {isa = PBXBuildFile; fileRef = A5A5EFBB1C3A0EDB00ED9F46 /* ContactsHelper.swift */; };
/* End PBXBuildFile section */

/* Begin PBXFileReference section */
		A5A5EFA51C3A0CDB00ED9F46 /* FindTrueLove-Practice.app */ = {isa = PBXFileReference; explicitFileType = wrapper.application; includeInIndex = 0; path = "FindTrueLove-Practice.app"; sourceTree = BUILT_PRODUCTS_DIR; };
		A5A5EFA81C3A0CDB00ED9F46 /* AppDelegate.swift */ = {isa = PBXFileReference; lastKnownFileType = sourcecode.swift; path = AppDelegate.swift; sourceTree = "<group>"; };
		A5A5EFAA1C3A0CDB00ED9F46 /* ViewController.swift */ = {isa = PBXFileReference; lastKnownFileType = sourcecode.swift; path = ViewController.swift; sourceTree = "<group>"; };
		A5A5EFAD1C3A0CDB00ED9F46 /* Base */ = {isa = PBXFileReference; lastKnownFileType = file.storyboard; name = Base; path = Base.lproj/Main.storyboard; sourceTree = "<group>"; };
		A5A5EFAF1C3A0CDB00ED9F46 /* Assets.xcassets */ = {isa = PBXFileReference; lastKnownFileType = folder.assetcatalog; path = Assets.xcassets; sourceTree = "<group>"; };
		A5A5EFB21C3A0CDB00ED9F46 /* Base */ = {isa = PBXFileReference; lastKnownFileType = file.storyboard; name = Base; path = Base.lproj/LaunchScreen.storyboard; sourceTree = "<group>"; };
		A5A5EFB41C3A0CDB00ED9F46 /* Info.plist */ = {isa = PBXFileReference; lastKnownFileType = text.plist.xml; path = Info.plist; sourceTree = "<group>"; };
		A5A5EFBB1C3A0EDB00ED9F46 /* ContactsHelper.swift */ = {isa = PBXFileReference; fileEncoding = 4; lastKnownFileType = sourcecode.swift; path = ContactsHelper.swift; sourceTree = "<group>"; };
/* End PBXFileReference section */

/* Begin PBXFrameworksBuildPhase section */
		A5A5EFA21C3A0CDB00ED9F46 /* Frameworks */ = {
			isa = PBXFrameworksBuildPhase;
			buildActionMask = 2147483647;
			files = (
			);
			runOnlyForDeploymentPostprocessing = 0;
		};
/* End PBXFrameworksBuildPhase section */

/* Begin PBXGroup section */
		A5A5EF9C1C3A0CDB00ED9F46 = {
			isa = PBXGroup;
			children = (
				A5A5EFA71C3A0CDB00ED9F46 /* FindTrueLove-Practice */,
				A5A5EFA61C3A0CDB00ED9F46 /* Products */,
			);
			sourceTree = "<group>";
		};
		A5A5EFA61C3A0CDB00ED9F46 /* Products */ = {
			isa = PBXGroup;
			children = (
				A5A5EFA51C3A0CDB00ED9F46 /* FindTrueLove-Practice.app */,
			);
			name = Products;
			sourceTree = "<group>";
		};
		A5A5EFA71C3A0CDB00ED9F46 /* FindTrueLove-Practice */ = {
			isa = PBXGroup;
			children = (
				A5A5EFAC1C3A0CDB00ED9F46 /* Main.storyboard */,
				A5A5EFAA1C3A0CDB00ED9F46 /* ViewController.swift */,
				A5A5EFBB1C3A0EDB00ED9F46 /* ContactsHelper.swift */,
				A5A5EFBA1C3A0CE500ED9F46 /* Supporting Files */,
			);
			path = "FindTrueLove-Practice";
			sourceTree = "<group>";
		};
		A5A5EFBA1C3A0CE500ED9F46 /* Supporting Files */ = {
			isa = PBXGroup;
			children = (
				A5A5EFA81C3A0CDB00ED9F46 /* AppDelegate.swift */,
				A5A5EFAF1C3A0CDB00ED9F46 /* Assets.xcassets */,
				A5A5EFB11C3A0CDB00ED9F46 /* LaunchScreen.storyboard */,
				A5A5EFB41C3A0CDB00ED9F46 /* Info.plist */,
			);
			name = "Supporting Files";
			sourceTree = "<group>";
		};
/* End PBXGroup section */

/* Begin PBXNativeTarget section */
		A5A5EFA41C3A0CDB00ED9F46 /* FindTrueLove-Practice */ = {
			isa = PBXNativeTarget;
			buildConfigurationList = A5A5EFB71C3A0CDB00ED9F46 /* Build configuration list for PBXNativeTarget "FindTrueLove-Practice" */;
			buildPhases = (
				A5A5EFA11C3A0CDB00ED9F46 /* Sources */,
				A5A5EFA21C3A0CDB00ED9F46 /* Frameworks */,
				A5A5EFA31C3A0CDB00ED9F46 /* Resources */,
			);
			buildRules = (
			);
			dependencies = (
			);
			name = "FindTrueLove-Practice";
			productName = "FindTrueLove-Practice";
			productReference = A5A5EFA51C3A0CDB00ED9F46 /* FindTrueLove-Practice.app */;
			productType = "com.apple.product-type.application";
		};
/* End PBXNativeTarget section */

/* Begin PBXProject section */
		A5A5EF9D1C3A0CDB00ED9F46 /* Project object */ = {
			isa = PBXProject;
			attributes = {
				LastSwiftUpdateCheck = 0720;
				LastUpgradeCheck = 0720;
				ORGANIZATIONNAME = "Bliss Chapman";
				TargetAttributes = {
					A5A5EFA41C3A0CDB00ED9F46 = {
						CreatedOnToolsVersion = 7.2;
					};
				};
			};
			buildConfigurationList = A5A5EFA01C3A0CDB00ED9F46 /* Build configuration list for PBXProject "FindTrueLove-Practice" */;
			compatibilityVersion = "Xcode 3.2";
			developmentRegion = English;
			hasScannedForEncodings = 0;
			knownRegions = (
				en,
				Base,
			);
			mainGroup = A5A5EF9C1C3A0CDB00ED9F46;
			productRefGroup = A5A5EFA61C3A0CDB00ED9F46 /* Products */;
			projectDirPath = "";
			projectRoot = "";
			targets = (
				A5A5EFA41C3A0CDB00ED9F46 /* FindTrueLove-Practice */,
			);
		};
/* End PBXProject section */

/* Begin PBXResourcesBuildPhase section */
		A5A5EFA31C3A0CDB00ED9F46 /* Resources */ = {
			isa = PBXResourcesBuildPhase;
			buildActionMask = 2147483647;
			files = (
				A5A5EFB31C3A0CDB00ED9F46 /* LaunchScreen.storyboard in Resources */,
				A5A5EFB01C3A0CDB00ED9F46 /* Assets.xcassets in Resources */,
				A5A5EFAE1C3A0CDB00ED9F46 /* Main.storyboard in Resources */,
			);
			runOnlyForDeploymentPostprocessing = 0;
		};
/* End PBXResourcesBuildPhase section */

/* Begin PBXSourcesBuildPhase section */
		A5A5EFA11C3A0CDB00ED9F46 /* Sources */ = {
			isa = PBXSourcesBuildPhase;
			buildActionMask = 2147483647;
			files = (
				A5A5EFBC1C3A0EDB00ED9F46 /* ContactsHelper.swift in Sources */,
				A5A5EFAB1C3A0CDB00ED9F46 /* ViewController.swift in Sources */,
				A5A5EFA91C3A0CDB00ED9F46 /* AppDelegate.swift in Sources */,
			);
			runOnlyForDeploymentPostprocessing = 0;
		};
/* End PBXSourcesBuildPhase section */

/* Begin PBXVariantGroup section */
		A5A5EFAC1C3A0CDB00ED9F46 /* Main.storyboard */ = {
			isa = PBXVariantGroup;
			children = (
				A5A5EFAD1C3A0CDB00ED9F46 /* Base */,
			);
			name = Main.storyboard;
			sourceTree = "<group>";
		};
		A5A5EFB11C3A0CDB00ED9F46 /* LaunchScreen.storyboard */ = {
			isa = PBXVariantGroup;
			children = (
				A5A5EFB21C3A0CDB00ED9F46 /* Base */,
			);
			name = LaunchScreen.storyboard;
			sourceTree = "<group>";
		};
/* End PBXVariantGroup section */

/* Begin XCBuildConfiguration section */
		A5A5EFB51C3A0CDB00ED9F46 /* Debug */ = {
			isa = XCBuildConfiguration;
			buildSettings = {
				ALWAYS_SEARCH_USER_PATHS = NO;
				CLANG_CXX_LANGUAGE_STANDARD = "gnu++0x";
				CLANG_CXX_LIBRARY = "libc++";
				CLANG_ENABLE_MODULES = YES;
				CLANG_ENABLE_OBJC_ARC = YES;
				CLANG_WARN_BOOL_CONVERSION = YES;
				CLANG_WARN_CONSTANT_CONVERSION = YES;
				CLANG_WARN_DIRECT_OBJC_ISA_USAGE = YES_ERROR;
				CLANG_WARN_EMPTY_BODY = YES;
				CLANG_WARN_ENUM_CONVERSION = YES;
				CLANG_WARN_INT_CONVERSION = YES;
				CLANG_WARN_OBJC_ROOT_CLASS = YES_ERROR;
				CLANG_WARN_UNREACHABLE_CODE = YES;
				CLANG_WARN__DUPLICATE_METHOD_MATCH = YES;
				"CODE_SIGN_IDENTITY[sdk=iphoneos*]" = "iPhone Developer";
				COPY_PHASE_STRIP = NO;
				DEBUG_INFORMATION_FORMAT = dwarf;
				ENABLE_STRICT_OBJC_MSGSEND = YES;
				ENABLE_TESTABILITY = YES;
				GCC_C_LANGUAGE_STANDARD = gnu99;
				GCC_DYNAMIC_NO_PIC = NO;
				GCC_NO_COMMON_BLOCKS = YES;
				GCC_OPTIMIZATION_LEVEL = 0;
				GCC_PREPROCESSOR_DEFINITIONS = (
					"DEBUG=1",
					"$(inherited)",
				);
				GCC_WARN_64_TO_32_BIT_CONVERSION = YES;
				GCC_WARN_ABOUT_RETURN_TYPE = YES_ERROR;
				GCC_WARN_UNDECLARED_SELECTOR = YES;
				GCC_WARN_UNINITIALIZED_AUTOS = YES_AGGRESSIVE;
				GCC_WARN_UNUSED_FUNCTION = YES;
				GCC_WARN_UNUSED_VARIABLE = YES;
				IPHONEOS_DEPLOYMENT_TARGET = 9.2;
				MTL_ENABLE_DEBUG_INFO = YES;
				ONLY_ACTIVE_ARCH = YES;
				SDKROOT = iphoneos;
				SWIFT_OPTIMIZATION_LEVEL = "-Onone";
				TARGETED_DEVICE_FAMILY = "1,2";
			};
			name = Debug;
		};
		A5A5EFB61C3A0CDB00ED9F46 /* Release */ = {
			isa = XCBuildConfiguration;
			buildSettings = {
				ALWAYS_SEARCH_USER_PATHS = NO;
				CLANG_CXX_LANGUAGE_STANDARD = "gnu++0x";
				CLANG_CXX_LIBRARY = "libc++";
				CLANG_ENABLE_MODULES = YES;
				CLANG_ENABLE_OBJC_ARC = YES;
				CLANG_WARN_BOOL_CONVERSION = YES;
				CLANG_WARN_CONSTANT_CONVERSION = YES;
				CLANG_WARN_DIRECT_OBJC_ISA_USAGE = YES_ERROR;
				CLANG_WARN_EMPTY_BODY = YES;
				CLANG_WARN_ENUM_CONVERSION = YES;
				CLANG_WARN_INT_CONVERSION = YES;
				CLANG_WARN_OBJC_ROOT_CLASS = YES_ERROR;
				CLANG_WARN_UNREACHABLE_CODE = YES;
				CLANG_WARN__DUPLICATE_METHOD_MATCH = YES;
				"CODE_SIGN_IDENTITY[sdk=iphoneos*]" = "iPhone Developer";
				COPY_PHASE_STRIP = NO;
				DEBUG_INFORMATION_FORMAT = "dwarf-with-dsym";
				ENABLE_NS_ASSERTIONS = NO;
				ENABLE_STRICT_OBJC_MSGSEND = YES;
				GCC_C_LANGUAGE_STANDARD = gnu99;
				GCC_NO_COMMON_BLOCKS = YES;
				GCC_WARN_64_TO_32_BIT_CONVERSION = YES;
				GCC_WARN_ABOUT_RETURN_TYPE = YES_ERROR;
				GCC_WARN_UNDECLARED_SELECTOR = YES;
				GCC_WARN_UNINITIALIZED_AUTOS = YES_AGGRESSIVE;
				GCC_WARN_UNUSED_FUNCTION = YES;
				GCC_WARN_UNUSED_VARIABLE = YES;
				IPHONEOS_DEPLOYMENT_TARGET = 9.2;
				MTL_ENABLE_DEBUG_INFO = NO;
				SDKROOT = iphoneos;
				TARGETED_DEVICE_FAMILY = "1,2";
				VALIDATE_PRODUCT = YES;
			};
			name = Release;
		};
		A5A5EFB81C3A0CDB00ED9F46 /* Debug */ = {
			isa = XCBuildConfiguration;
			buildSettings = {
				ASSETCATALOG_COMPILER_APPICON_NAME = AppIcon;
				INFOPLIST_FILE = "FindTrueLove-Practice/Info.plist";
				LD_RUNPATH_SEARCH_PATHS = "$(inherited) @executable_path/Frameworks";
				PRODUCT_BUNDLE_IDENTIFIER = "com.blissChapman.FindTrueLove-Practice";
				PRODUCT_NAME = "$(TARGET_NAME)";
			};
			name = Debug;
		};
		A5A5EFB91C3A0CDB00ED9F46 /* Release */ = {
			isa = XCBuildConfiguration;
			buildSettings = {
				ASSETCATALOG_COMPILER_APPICON_NAME = AppIcon;
				INFOPLIST_FILE = "FindTrueLove-Practice/Info.plist";
				LD_RUNPATH_SEARCH_PATHS = "$(inherited) @executable_path/Frameworks";
				PRODUCT_BUNDLE_IDENTIFIER = "com.blissChapman.FindTrueLove-Practice";
				PRODUCT_NAME = "$(TARGET_NAME)";
			};
			name = Release;
		};
/* End XCBuildConfiguration section */

/* Begin XCConfigurationList section */
		A5A5EFA01C3A0CDB00ED9F46 /* Build configuration list for PBXProject "FindTrueLove-Practice" */ = {
			isa = XCConfigurationList;
			buildConfigurations = (
				A5A5EFB51C3A0CDB00ED9F46 /* Debug */,
				A5A5EFB61C3A0CDB00ED9F46 /* Release */,
			);
			defaultConfigurationIsVisible = 0;
			defaultConfigurationName = Release;
		};
		A5A5EFB71C3A0CDB00ED9F46 /* Build configuration list for PBXNativeTarget "FindTrueLove-Practice" */ = {
			isa = XCConfigurationList;
			buildConfigurations = (
				A5A5EFB81C3A0CDB00ED9F46 /* Debug */,
				A5A5EFB91C3A0CDB00ED9F46 /* Release */,
			);
			defaultConfigurationIsVisible = 0;
		};
/* End XCConfigurationList section */
	};
	rootObject = A5A5EF9D1C3A0CDB00ED9F46 /* Project object */;
}
